{
  "version": 4,
  "terraform_version": "1.0.5",
  "serial": 34,
  "lineage": "b53bf597-ab46-42b5-95d7-2209f48294f7",
  "outputs": {},
  "resources": [
    {
      "module": "module.backbone",
      "mode": "managed",
      "type": "docker_container",
      "name": "auth-svc",
      "provider": "provider[\"registry.terraform.io/kreuzwerker/docker\"]",
      "instances": [
        {
          "schema_version": 2,
          "attributes": {
            "attach": false,
            "bridge": "",
            "capabilities": [],
            "command": [
              "-b",
              "0.0.0.0"
            ],
            "container_logs": null,
            "cpu_set": "",
            "cpu_shares": 0,
            "destroy_grace_seconds": null,
            "devices": [],
            "dns": null,
            "dns_opts": null,
            "dns_search": null,
            "domainname": "",
            "entrypoint": [
              "/opt/jboss/tools/docker-entrypoint.sh"
            ],
            "env": [],
            "exit_code": null,
            "gateway": "172.17.0.1",
            "group_add": null,
            "healthcheck": null,
            "host": [],
            "hostname": "e7f267081977",
            "id": "e7f267081977756aa00e693928b19e7dcd676d7dc8584460f6a17648c105287d",
            "image": "sha256:2f6cccd28008d61b1f98c3d75140e2e06bf5738fe2dd5749877ce8de8c8ed9da",
            "init": false,
            "ip_address": "172.17.0.6",
            "ip_prefix_length": 16,
            "ipc_mode": "private",
            "labels": [],
            "links": null,
            "log_driver": "json-file",
            "log_opts": null,
            "logs": false,
            "max_retry_count": 0,
            "memory": 0,
            "memory_swap": 0,
            "mounts": [],
            "must_run": true,
            "name": "dyce-auth-service",
            "network_alias": null,
            "network_data": [
              {
                "gateway": "172.17.0.1",
                "global_ipv6_address": "",
                "global_ipv6_prefix_length": 0,
                "ip_address": "172.17.0.6",
                "ip_prefix_length": 16,
                "ipv6_gateway": "",
                "network_name": "bridge"
              }
            ],
            "network_mode": "default",
            "networks": null,
            "networks_advanced": [],
            "pid_mode": "",
            "ports": [
              {
                "external": 8090,
                "internal": 8080,
                "ip": "0.0.0.0",
                "protocol": "tcp"
              }
            ],
            "privileged": false,
            "publish_all_ports": false,
            "read_only": false,
            "remove_volumes": true,
            "restart": "on-failure",
            "rm": false,
            "security_opts": [],
            "shm_size": 64,
            "start": true,
            "stdin_open": false,
            "storage_opts": null,
            "sysctls": null,
            "tmpfs": null,
            "tty": false,
            "ulimit": [],
            "upload": [],
            "user": "1000",
            "userns_mode": "",
            "volumes": [],
            "working_dir": ""
          },
          "sensitive_attributes": [],
          "private": "eyJzY2hlbWFfdmVyc2lvbiI6IjIifQ==",
          "dependencies": [
            "module.backbone.docker_image.auth-img"
          ]
        }
      ]
    },
    {
      "module": "module.backbone",
      "mode": "managed",
      "type": "docker_container",
      "name": "data-svc",
      "provider": "provider[\"registry.terraform.io/kreuzwerker/docker\"]",
      "instances": [
        {
          "schema_version": 2,
          "attributes": {
            "attach": false,
            "bridge": "",
            "capabilities": [],
            "command": [
              "redis-server",
              "/usr/local/etc/redis/redis.conf"
            ],
            "container_logs": null,
            "cpu_set": "",
            "cpu_shares": 0,
            "destroy_grace_seconds": null,
            "devices": [],
            "dns": null,
            "dns_opts": null,
            "dns_search": null,
            "domainname": "",
            "entrypoint": [
              "docker-entrypoint.sh"
            ],
            "env": [],
            "exit_code": null,
            "gateway": "",
            "group_add": null,
            "healthcheck": null,
            "host": [],
            "hostname": "e3857f95f351",
            "id": "e3857f95f3510685a81896f7163dbe1eeff87a50b768ba1f3f852563bf8cbf9d",
            "image": "sha256:124741a85d92d5a5f7e3b37c331362d07517525491c33297eca734af20847474",
            "init": false,
            "ip_address": "",
            "ip_prefix_length": 0,
            "ipc_mode": "private",
            "labels": [],
            "links": null,
            "log_driver": "json-file",
            "log_opts": null,
            "logs": false,
            "max_retry_count": 0,
            "memory": 0,
            "memory_swap": 0,
            "mounts": [],
            "must_run": true,
            "name": "dyce-data-service",
            "network_alias": null,
            "network_data": [
              {
                "gateway": "",
                "global_ipv6_address": "",
                "global_ipv6_prefix_length": 0,
                "ip_address": "",
                "ip_prefix_length": 0,
                "ipv6_gateway": "",
                "network_name": "bridge"
              }
            ],
            "network_mode": "default",
            "networks": null,
            "networks_advanced": [],
            "pid_mode": "",
            "ports": [],
            "privileged": false,
            "publish_all_ports": false,
            "read_only": false,
            "remove_volumes": true,
            "restart": "on-failure",
            "rm": false,
            "security_opts": [],
            "shm_size": 64,
            "start": true,
            "stdin_open": false,
            "storage_opts": null,
            "sysctls": null,
            "tmpfs": null,
            "tty": false,
            "ulimit": [],
            "upload": [],
            "user": "",
            "userns_mode": "",
            "volumes": [],
            "working_dir": "/data"
          },
          "sensitive_attributes": [],
          "private": "eyJzY2hlbWFfdmVyc2lvbiI6IjIifQ==",
          "dependencies": [
            "module.backbone.docker_image.data-img"
          ]
        }
      ]
    },
    {
      "module": "module.backbone",
      "mode": "managed",
      "type": "docker_container",
      "name": "user-svc",
      "provider": "provider[\"registry.terraform.io/kreuzwerker/docker\"]",
      "instances": [
        {
          "schema_version": 2,
          "attributes": {
            "attach": false,
            "bridge": "",
            "capabilities": [],
            "command": [
              "nginx",
              "-g",
              "daemon off;"
            ],
            "container_logs": null,
            "cpu_set": "",
            "cpu_shares": 0,
            "destroy_grace_seconds": null,
            "devices": [],
            "dns": null,
            "dns_opts": null,
            "dns_search": null,
            "domainname": "",
            "entrypoint": [
              "/docker-entrypoint.sh"
            ],
            "env": [],
            "exit_code": null,
            "gateway": "172.17.0.1",
            "group_add": null,
            "healthcheck": null,
            "host": [],
            "hostname": "227365186d1b",
            "id": "227365186d1b595b107ffafdc73658f75ef22922963b47d7b548912efca52198",
            "image": "sha256:fa6254d1cc204ee4da1605431c0b4d29ac315925ccf8d6c408ca970f9012fd9b",
            "init": false,
            "ip_address": "172.17.0.5",
            "ip_prefix_length": 16,
            "ipc_mode": "private",
            "labels": [],
            "links": null,
            "log_driver": "json-file",
            "log_opts": null,
            "logs": false,
            "max_retry_count": 0,
            "memory": 0,
            "memory_swap": 0,
            "mounts": [],
            "must_run": true,
            "name": "dyce-user-service",
            "network_alias": null,
            "network_data": [
              {
                "gateway": "172.17.0.1",
                "global_ipv6_address": "",
                "global_ipv6_prefix_length": 0,
                "ip_address": "172.17.0.5",
                "ip_prefix_length": 16,
                "ipv6_gateway": "",
                "network_name": "bridge"
              }
            ],
            "network_mode": "default",
            "networks": null,
            "networks_advanced": [],
            "pid_mode": "",
            "ports": [],
            "privileged": false,
            "publish_all_ports": false,
            "read_only": false,
            "remove_volumes": true,
            "restart": "on-failure",
            "rm": false,
            "security_opts": [],
            "shm_size": 64,
            "start": true,
            "stdin_open": false,
            "storage_opts": null,
            "sysctls": null,
            "tmpfs": null,
            "tty": false,
            "ulimit": [],
            "upload": [],
            "user": "",
            "userns_mode": "",
            "volumes": [],
            "working_dir": ""
          },
          "sensitive_attributes": [],
          "private": "eyJzY2hlbWFfdmVyc2lvbiI6IjIifQ==",
          "dependencies": [
            "module.backbone.docker_image.user-img"
          ]
        }
      ]
    },
    {
      "module": "module.backbone",
      "mode": "managed",
      "type": "docker_container",
      "name": "wsgi-svc",
      "provider": "provider[\"registry.terraform.io/kreuzwerker/docker\"]",
      "instances": [
        {
          "schema_version": 2,
          "attributes": {
            "attach": false,
            "bridge": "",
            "capabilities": [],
            "command": [
              "python",
              "server.py"
            ],
            "container_logs": null,
            "cpu_set": "",
            "cpu_shares": 0,
            "destroy_grace_seconds": null,
            "devices": [],
            "dns": null,
            "dns_opts": null,
            "dns_search": null,
            "domainname": "",
            "entrypoint": [],
            "env": [],
            "exit_code": null,
            "gateway": "172.17.0.1",
            "group_add": null,
            "healthcheck": null,
            "host": [],
            "hostname": "1a78be8a3316",
            "id": "1a78be8a33166f08bf71b57ed8436e1b570c63b6ee1b9d83a53eb722d5f7d9b7",
            "image": "sha256:e74158597820815411e6c8590db93b3569d019821658adf7120aa8cd00cb05f5",
            "init": false,
            "ip_address": "172.17.0.4",
            "ip_prefix_length": 16,
            "ipc_mode": "private",
            "labels": [],
            "links": null,
            "log_driver": "json-file",
            "log_opts": null,
            "logs": false,
            "max_retry_count": 0,
            "memory": 0,
            "memory_swap": 0,
            "mounts": [],
            "must_run": true,
            "name": "dyce-wsgi-service",
            "network_alias": null,
            "network_data": [
              {
                "gateway": "172.17.0.1",
                "global_ipv6_address": "",
                "global_ipv6_prefix_length": 0,
                "ip_address": "172.17.0.4",
                "ip_prefix_length": 16,
                "ipv6_gateway": "",
                "network_name": "bridge"
              }
            ],
            "network_mode": "default",
            "networks": null,
            "networks_advanced": [],
            "pid_mode": "",
            "ports": [],
            "privileged": false,
            "publish_all_ports": false,
            "read_only": false,
            "remove_volumes": true,
            "restart": "on-failure",
            "rm": false,
            "security_opts": [],
            "shm_size": 64,
            "start": true,
            "stdin_open": false,
            "storage_opts": null,
            "sysctls": null,
            "tmpfs": null,
            "tty": false,
            "ulimit": [],
            "upload": [],
            "user": "",
            "userns_mode": "",
            "volumes": [],
            "working_dir": "/app"
          },
          "sensitive_attributes": [],
          "private": "eyJzY2hlbWFfdmVyc2lvbiI6IjIifQ==",
          "dependencies": [
            "module.backbone.docker_image.wsgi-img"
          ]
        }
      ]
    },
    {
      "module": "module.backbone",
      "mode": "managed",
      "type": "docker_image",
      "name": "auth-img",
      "provider": "provider[\"registry.terraform.io/kreuzwerker/docker\"]",
      "instances": [
        {
          "schema_version": 0,
          "attributes": {
            "build": [],
            "force_remove": null,
            "id": "sha256:2f6cccd28008d61b1f98c3d75140e2e06bf5738fe2dd5749877ce8de8c8ed9dadyce-main_auth-svc",
            "keep_locally": null,
            "latest": "sha256:2f6cccd28008d61b1f98c3d75140e2e06bf5738fe2dd5749877ce8de8c8ed9da",
            "name": "dyce-main_auth-svc",
            "output": null,
            "pull_trigger": null,
            "pull_triggers": null,
            "repo_digest": ""
          },
          "sensitive_attributes": [],
          "private": "bnVsbA=="
        }
      ]
    },
    {
      "module": "module.backbone",
      "mode": "managed",
      "type": "docker_image",
      "name": "data-img",
      "provider": "provider[\"registry.terraform.io/kreuzwerker/docker\"]",
      "instances": [
        {
          "schema_version": 0,
          "attributes": {
            "build": [],
            "force_remove": null,
            "id": "sha256:124741a85d92d5a5f7e3b37c331362d07517525491c33297eca734af20847474dyce-main_data-svc",
            "keep_locally": null,
            "latest": "sha256:124741a85d92d5a5f7e3b37c331362d07517525491c33297eca734af20847474",
            "name": "dyce-main_data-svc",
            "output": null,
            "pull_trigger": null,
            "pull_triggers": null,
            "repo_digest": ""
          },
          "sensitive_attributes": [],
          "private": "bnVsbA=="
        }
      ]
    },
    {
      "module": "module.backbone",
      "mode": "managed",
      "type": "docker_image",
      "name": "user-img",
      "provider": "provider[\"registry.terraform.io/kreuzwerker/docker\"]",
      "instances": [
        {
          "schema_version": 0,
          "attributes": {
            "build": [],
            "force_remove": null,
            "id": "sha256:fa6254d1cc204ee4da1605431c0b4d29ac315925ccf8d6c408ca970f9012fd9bdyce-main_user-svc",
            "keep_locally": null,
            "latest": "sha256:fa6254d1cc204ee4da1605431c0b4d29ac315925ccf8d6c408ca970f9012fd9b",
            "name": "dyce-main_user-svc",
            "output": null,
            "pull_trigger": null,
            "pull_triggers": null,
            "repo_digest": ""
          },
          "sensitive_attributes": [],
          "private": "bnVsbA=="
        }
      ]
    },
    {
      "module": "module.backbone",
      "mode": "managed",
      "type": "docker_image",
      "name": "wsgi-img",
      "provider": "provider[\"registry.terraform.io/kreuzwerker/docker\"]",
      "instances": [
        {
          "schema_version": 0,
          "attributes": {
            "build": [],
            "force_remove": null,
            "id": "sha256:e74158597820815411e6c8590db93b3569d019821658adf7120aa8cd00cb05f5dyce-main_wsgi-svc",
            "keep_locally": null,
            "latest": "sha256:e74158597820815411e6c8590db93b3569d019821658adf7120aa8cd00cb05f5",
            "name": "dyce-main_wsgi-svc",
            "output": null,
            "pull_trigger": null,
            "pull_triggers": null,
            "repo_digest": ""
          },
          "sensitive_attributes": [],
          "private": "bnVsbA=="
        }
      ]
    },
    {
      "module": "module.dash",
      "mode": "managed",
      "type": "docker_container",
      "name": "cadvisor-svc",
      "provider": "provider[\"registry.terraform.io/kreuzwerker/docker\"]",
      "instances": [
        {
          "schema_version": 2,
          "attributes": {
            "attach": false,
            "bridge": "",
            "capabilities": [],
            "command": [],
            "container_logs": null,
            "cpu_set": "",
            "cpu_shares": 0,
            "destroy_grace_seconds": null,
            "devices": [],
            "dns": null,
            "dns_opts": null,
            "dns_search": null,
            "domainname": "",
            "entrypoint": [
              "/usr/bin/cadvisor",
              "-logtostderr"
            ],
            "env": [],
            "exit_code": null,
            "gateway": "172.17.0.1",
            "group_add": null,
            "healthcheck": [
              {
                "interval": "30s",
                "retries": 0,
                "start_period": "0s",
                "test": [
                  "CMD-SHELL",
                  "wget --quiet --tries=1 --spider http://localhost:8080/healthz || exit 1"
                ],
                "timeout": "3s"
              }
            ],
            "host": [],
            "hostname": "4ae49e712e49",
            "id": "4ae49e712e49c64357ba6fee17b8c2a984e3a0b2ce426a275e981f022bc3dbff",
            "image": "sha256:d24b7db72c9963ec20eb4b6e7b74fcfe0ea427418ffd9476b29ededfcca35981",
            "init": false,
            "ip_address": "172.17.0.3",
            "ip_prefix_length": 16,
            "ipc_mode": "private",
            "labels": [],
            "links": null,
            "log_driver": "json-file",
            "log_opts": null,
            "logs": false,
            "max_retry_count": 0,
            "memory": 0,
            "memory_swap": 0,
            "mounts": [],
            "must_run": true,
            "name": "dyce-cadvisor-service",
            "network_alias": null,
            "network_data": [
              {
                "gateway": "172.17.0.1",
                "global_ipv6_address": "",
                "global_ipv6_prefix_length": 0,
                "ip_address": "172.17.0.3",
                "ip_prefix_length": 16,
                "ipv6_gateway": "",
                "network_name": "bridge"
              }
            ],
            "network_mode": "default",
            "networks": null,
            "networks_advanced": [],
            "pid_mode": "",
            "ports": [],
            "privileged": false,
            "publish_all_ports": false,
            "read_only": false,
            "remove_volumes": true,
            "restart": "on-failure",
            "rm": false,
            "security_opts": [],
            "shm_size": 64,
            "start": true,
            "stdin_open": false,
            "storage_opts": null,
            "sysctls": null,
            "tmpfs": null,
            "tty": false,
            "ulimit": [],
            "upload": [],
            "user": "",
            "userns_mode": "",
            "volumes": [],
            "working_dir": ""
          },
          "sensitive_attributes": [],
          "private": "eyJzY2hlbWFfdmVyc2lvbiI6IjIifQ==",
          "dependencies": [
            "module.dash.docker_image.cadvisor-img"
          ]
        }
      ]
    },
    {
      "module": "module.dash",
      "mode": "managed",
      "type": "docker_container",
      "name": "grafana-svc",
      "provider": "provider[\"registry.terraform.io/kreuzwerker/docker\"]",
      "instances": []
    },
    {
      "module": "module.dash",
      "mode": "managed",
      "type": "docker_container",
      "name": "prometheus-svc",
      "provider": "provider[\"registry.terraform.io/kreuzwerker/docker\"]",
      "instances": []
    },
    {
      "module": "module.dash",
      "mode": "managed",
      "type": "docker_image",
      "name": "cadvisor-img",
      "provider": "provider[\"registry.terraform.io/kreuzwerker/docker\"]",
      "instances": [
        {
          "schema_version": 0,
          "attributes": {
            "build": [],
            "force_remove": null,
            "id": "sha256:d24b7db72c9963ec20eb4b6e7b74fcfe0ea427418ffd9476b29ededfcca35981dyce-main_cadvisor-svc",
            "keep_locally": null,
            "latest": "sha256:d24b7db72c9963ec20eb4b6e7b74fcfe0ea427418ffd9476b29ededfcca35981",
            "name": "dyce-main_cadvisor-svc",
            "output": null,
            "pull_trigger": null,
            "pull_triggers": null,
            "repo_digest": "gcr.io/google-containers/cadvisor@sha256:46d4d730ef886aaece9e0a65a912564cab0303cf88718d82b3df84d3add6885c"
          },
          "sensitive_attributes": [],
          "private": "bnVsbA=="
        }
      ]
    }
  ]
}
